
Microsoft Visual Studio Solution File, Format Version 12.00
# Visual Studio 15
VisualStudioVersion = 15.0.27428.2005
MinimumVisualStudioVersion = 10.0.40219.1
Project("{8BC9CEB8-8B4A-11D0-8D11-00A0C91BC942}") = "p2pefTOT", "p2pefTOT\p2pefTOT.vcxproj", "{751A8516-8F0C-49F7-962D-DA9879F3B537}"
EndProject
Global
	GlobalSection(SolutionConfigurationPlatforms) = preSolution
		Debug|x64 = Debug|x64
		Debug|x86 = Debug|x86
		Release|x64 = Release|x64
		Release|x86 = Release|x86
	EndGlobalSection
	GlobalSection(ProjectConfigurationPlatforms) = postSolution
		{751A8516-8F0C-49F7-962D-DA9879F3B537}.Debug|x64.ActiveCfg = Debug|x64
		{751A8516-8F0C-49F7-962D-DA9879F3B537}.Debug|x64.Build.0 = Debug|x64
		{751A8516-8F0C-49F7-962D-DA9879F3B537}.Debug|x86.ActiveCfg = Debug|Win32
		{751A8516-8F0C-49F7-962D-DA9879F3B537}.Debug|x86.Build.0 = Debug|Win32
		{751A8516-8F0C-49F7-962D-DA9879F3B537}.Release|x64.ActiveCfg = Release|x64
		{751A8516-8F0C-49F7-962D-DA9879F3B537}.Release|x64.Build.0 = Release|x64
		{751A8516-8F0C-49F7-962D-DA9879F3B537}.Release|x86.ActiveCfg = Release|Win32
		{751A8516-8F0C-49F7-962D-DA9879F3B537}.Release|x86.Build.0 = Release|Win32
	EndGlobalSection
	GlobalSection(SolutionProperties) = preSolution
		HideSolutionNode = FALSE
	EndGlobalSection
	GlobalSection(ExtensibilityGlobals) = postSolution
		SolutionGuid = {0C61D36C-5C65-4C81-9891-0642C576EE4B}
	EndGlobalSection
EndGlobal
